
Microsoft Visual Studio Solution File, Format Version 12.00
# Visual Studio 2013
VisualStudioVersion = 12.0.31101.0
MinimumVisualStudioVersion = 10.0.40219.1
Project("{FAE04EC0-301F-11D3-BF4B-00C04F79EFBC}") = "ЧисленныеМетодыWindowsForms", "ЧисленныеМетодыWindowsForms\ЧисленныеМетодыWindowsForms.csproj", "{F2FDDFA4-DF63-4E09-9255-A8EA6F08EFC9}"
EndProject
Project("{FAE04EC0-301F-11D3-BF4B-00C04F79EFBC}") = "ЧисленныеМетодыLib", "ЧисленныеМетодыLib\ЧисленныеМетодыLib.csproj", "{6ACF867A-253E-46A9-BAFC-7E3FA8BD1B4C}"
EndProject
Project("{FAE04EC0-301F-11D3-BF4B-00C04F79EFBC}") = "UnitTestЧисленныеМетоды", "UnitTestЧисленныеМетоды\UnitTestЧисленныеМетоды.csproj", "{76EB8E14-428D-4909-91BB-C95E6DD16F9F}"
EndProject
Project("{FAE04EC0-301F-11D3-BF4B-00C04F79EFBC}") = "WpfApp", "WpfApp\WpfApp.csproj", "{6CAA8BDA-BA45-448A-A800-898071726F38}"
EndProject
Global
	GlobalSection(SolutionConfigurationPlatforms) = preSolution
		Debug|Any CPU = Debug|Any CPU
		Release|Any CPU = Release|Any CPU
	EndGlobalSection
	GlobalSection(ProjectConfigurationPlatforms) = postSolution
		{F2FDDFA4-DF63-4E09-9255-A8EA6F08EFC9}.Debug|Any CPU.ActiveCfg = Debug|Any CPU
		{F2FDDFA4-DF63-4E09-9255-A8EA6F08EFC9}.Debug|Any CPU.Build.0 = Debug|Any CPU
		{F2FDDFA4-DF63-4E09-9255-A8EA6F08EFC9}.Release|Any CPU.ActiveCfg = Release|Any CPU
		{F2FDDFA4-DF63-4E09-9255-A8EA6F08EFC9}.Release|Any CPU.Build.0 = Release|Any CPU
		{6ACF867A-253E-46A9-BAFC-7E3FA8BD1B4C}.Debug|Any CPU.ActiveCfg = Debug|Any CPU
		{6ACF867A-253E-46A9-BAFC-7E3FA8BD1B4C}.Debug|Any CPU.Build.0 = Debug|Any CPU
		{6ACF867A-253E-46A9-BAFC-7E3FA8BD1B4C}.Release|Any CPU.ActiveCfg = Release|Any CPU
		{6ACF867A-253E-46A9-BAFC-7E3FA8BD1B4C}.Release|Any CPU.Build.0 = Release|Any CPU
		{76EB8E14-428D-4909-91BB-C95E6DD16F9F}.Debug|Any CPU.ActiveCfg = Debug|Any CPU
		{76EB8E14-428D-4909-91BB-C95E6DD16F9F}.Debug|Any CPU.Build.0 = Debug|Any CPU
		{76EB8E14-428D-4909-91BB-C95E6DD16F9F}.Release|Any CPU.ActiveCfg = Release|Any CPU
		{76EB8E14-428D-4909-91BB-C95E6DD16F9F}.Release|Any CPU.Build.0 = Release|Any CPU
		{6CAA8BDA-BA45-448A-A800-898071726F38}.Debug|Any CPU.ActiveCfg = Debug|Any CPU
		{6CAA8BDA-BA45-448A-A800-898071726F38}.Debug|Any CPU.Build.0 = Debug|Any CPU
		{6CAA8BDA-BA45-448A-A800-898071726F38}.Release|Any CPU.ActiveCfg = Release|Any CPU
		{6CAA8BDA-BA45-448A-A800-898071726F38}.Release|Any CPU.Build.0 = Release|Any CPU
	EndGlobalSection
	GlobalSection(SolutionProperties) = preSolution
		HideSolutionNode = FALSE
	EndGlobalSection
EndGlobal
